
Microsoft Visual Studio Solution File, Format Version 12.00
# Visual Studio 15
VisualStudioVersion = 15.0.27130.2010
MinimumVisualStudioVersion = 10.0.40219.1
Project("{FAE04EC0-301F-11D3-BF4B-00C04F79EFBC}") = "EmployeeSalaryContracts", "SalaryContracts\EmployeeSalaryContracts.csproj", "{F8BD7EE0-1B47-4350-825E-B33556EB1327}"
EndProject
Project("{FAE04EC0-301F-11D3-BF4B-00C04F79EFBC}") = "EmployeeSalaryModel", "SalaryModel\EmployeeSalaryModel.csproj", "{464C6CC6-D82B-48EF-BC88-DD2C069A71BA}"
EndProject
Project("{FAE04EC0-301F-11D3-BF4B-00C04F79EFBC}") = "EmployeeSalaryWebAPI", "SalaryWebAPI\EmployeeSalaryWebAPI.csproj", "{3B7E823D-B09E-4FB5-8E7C-895E784FAADA}"
EndProject
Project("{FAE04EC0-301F-11D3-BF4B-00C04F79EFBC}") = "WebAppUnitTests", "WebAppUnitTests\WebAppUnitTests.csproj", "{2EA9E131-69F9-424B-925A-0517CBAAF56C}"
EndProject
Project("{FAE04EC0-301F-11D3-BF4B-00C04F79EFBC}") = "EmpPayslipWebApp", "EmpPayslipWebApp\EmpPayslipWebApp.csproj", "{A1806E6E-5B15-40C0-A788-1692A4EBC55F}"
EndProject
Project("{FAE04EC0-301F-11D3-BF4B-00C04F79EFBC}") = "EmployeeSalaryBuisness", "SalaryBuisnessLayer\EmployeeSalaryBuisness.csproj", "{51E6EAD3-022F-4FD1-AA15-F76771A0E7CD}"
EndProject
Global
	GlobalSection(SolutionConfigurationPlatforms) = preSolution
		Debug|Any CPU = Debug|Any CPU
		Release|Any CPU = Release|Any CPU
	EndGlobalSection
	GlobalSection(ProjectConfigurationPlatforms) = postSolution
		{F8BD7EE0-1B47-4350-825E-B33556EB1327}.Debug|Any CPU.ActiveCfg = Debug|Any CPU
		{F8BD7EE0-1B47-4350-825E-B33556EB1327}.Debug|Any CPU.Build.0 = Debug|Any CPU
		{F8BD7EE0-1B47-4350-825E-B33556EB1327}.Release|Any CPU.ActiveCfg = Release|Any CPU
		{F8BD7EE0-1B47-4350-825E-B33556EB1327}.Release|Any CPU.Build.0 = Release|Any CPU
		{464C6CC6-D82B-48EF-BC88-DD2C069A71BA}.Debug|Any CPU.ActiveCfg = Debug|Any CPU
		{464C6CC6-D82B-48EF-BC88-DD2C069A71BA}.Debug|Any CPU.Build.0 = Debug|Any CPU
		{464C6CC6-D82B-48EF-BC88-DD2C069A71BA}.Release|Any CPU.ActiveCfg = Release|Any CPU
		{464C6CC6-D82B-48EF-BC88-DD2C069A71BA}.Release|Any CPU.Build.0 = Release|Any CPU
		{3B7E823D-B09E-4FB5-8E7C-895E784FAADA}.Debug|Any CPU.ActiveCfg = Debug|Any CPU
		{3B7E823D-B09E-4FB5-8E7C-895E784FAADA}.Debug|Any CPU.Build.0 = Debug|Any CPU
		{3B7E823D-B09E-4FB5-8E7C-895E784FAADA}.Release|Any CPU.ActiveCfg = Release|Any CPU
		{3B7E823D-B09E-4FB5-8E7C-895E784FAADA}.Release|Any CPU.Build.0 = Release|Any CPU
		{2EA9E131-69F9-424B-925A-0517CBAAF56C}.Debug|Any CPU.ActiveCfg = Debug|Any CPU
		{2EA9E131-69F9-424B-925A-0517CBAAF56C}.Debug|Any CPU.Build.0 = Debug|Any CPU
		{2EA9E131-69F9-424B-925A-0517CBAAF56C}.Release|Any CPU.ActiveCfg = Release|Any CPU
		{2EA9E131-69F9-424B-925A-0517CBAAF56C}.Release|Any CPU.Build.0 = Release|Any CPU
		{A1806E6E-5B15-40C0-A788-1692A4EBC55F}.Debug|Any CPU.ActiveCfg = Debug|Any CPU
		{A1806E6E-5B15-40C0-A788-1692A4EBC55F}.Debug|Any CPU.Build.0 = Debug|Any CPU
		{A1806E6E-5B15-40C0-A788-1692A4EBC55F}.Release|Any CPU.ActiveCfg = Release|Any CPU
		{A1806E6E-5B15-40C0-A788-1692A4EBC55F}.Release|Any CPU.Build.0 = Release|Any CPU
		{51E6EAD3-022F-4FD1-AA15-F76771A0E7CD}.Debug|Any CPU.ActiveCfg = Debug|Any CPU
		{51E6EAD3-022F-4FD1-AA15-F76771A0E7CD}.Debug|Any CPU.Build.0 = Debug|Any CPU
		{51E6EAD3-022F-4FD1-AA15-F76771A0E7CD}.Release|Any CPU.ActiveCfg = Release|Any CPU
		{51E6EAD3-022F-4FD1-AA15-F76771A0E7CD}.Release|Any CPU.Build.0 = Release|Any CPU
	EndGlobalSection
	GlobalSection(SolutionProperties) = preSolution
		HideSolutionNode = FALSE
	EndGlobalSection
	GlobalSection(ExtensibilityGlobals) = postSolution
		SolutionGuid = {F8ED737A-F6C1-483B-9D0B-1B17E9153DD0}
	EndGlobalSection
EndGlobal
